
Microsoft Visual Studio Solution File, Format Version 12.00
# Visual Studio 15
VisualStudioVersion = 15.0.27428.2043
MinimumVisualStudioVersion = 10.0.40219.1
Project("{FAE04EC0-301F-11D3-BF4B-00C04F79EFBC}") = "Coldstream-Initiative", "Coldstream-Initiative\Coldstream-Initiative.csproj", "{0EB99709-5058-4756-80E9-C6146EC9247E}"
EndProject
Global
	GlobalSection(SolutionConfigurationPlatforms) = preSolution
		Debug|Any CPU = Debug|Any CPU
		Release|Any CPU = Release|Any CPU
	EndGlobalSection
	GlobalSection(ProjectConfigurationPlatforms) = postSolution
		{0EB99709-5058-4756-80E9-C6146EC9247E}.Debug|Any CPU.ActiveCfg = Debug|Any CPU
		{0EB99709-5058-4756-80E9-C6146EC9247E}.Debug|Any CPU.Build.0 = Debug|Any CPU
		{0EB99709-5058-4756-80E9-C6146EC9247E}.Release|Any CPU.ActiveCfg = Release|Any CPU
		{0EB99709-5058-4756-80E9-C6146EC9247E}.Release|Any CPU.Build.0 = Release|Any CPU
	EndGlobalSection
	GlobalSection(SolutionProperties) = preSolution
		HideSolutionNode = FALSE
	EndGlobalSection
	GlobalSection(ExtensibilityGlobals) = postSolution
		SolutionGuid = {D9C0F962-C033-44A6-B04D-0E23650DC045}
	EndGlobalSection
EndGlobal
